
Microsoft Visual Studio Solution File, Format Version 12.00
# Visual Studio 2013
VisualStudioVersion = 12.0.30626.0
MinimumVisualStudioVersion = 10.0.40219.1
Project("{FAE04EC0-301F-11D3-BF4B-00C04F79EFBC}") = "CodingTask2", "CodingTask2\CodingTask2.csproj", "{C146B525-8CD5-4D9E-99DA-0FE76C9D2721}"
EndProject
Project("{FAE04EC0-301F-11D3-BF4B-00C04F79EFBC}") = "CodingTask2.Tests", "CodingTask2.Tests\CodingTask2.Tests.csproj", "{14123D0C-77C6-41FE-82F3-60788EFD561B}"
EndProject
Project("{FAE04EC0-301F-11D3-BF4B-00C04F79EFBC}") = "CodingTask2App", "CodingTask2App\CodingTask2App.csproj", "{832E7D8F-F1C0-41D0-A0C5-298A12DBE0AB}"
EndProject
Global
	GlobalSection(SolutionConfigurationPlatforms) = preSolution
		Debug|Any CPU = Debug|Any CPU
		Release|Any CPU = Release|Any CPU
	EndGlobalSection
	GlobalSection(ProjectConfigurationPlatforms) = postSolution
		{C146B525-8CD5-4D9E-99DA-0FE76C9D2721}.Debug|Any CPU.ActiveCfg = Debug|Any CPU
		{C146B525-8CD5-4D9E-99DA-0FE76C9D2721}.Debug|Any CPU.Build.0 = Debug|Any CPU
		{C146B525-8CD5-4D9E-99DA-0FE76C9D2721}.Release|Any CPU.ActiveCfg = Release|Any CPU
		{C146B525-8CD5-4D9E-99DA-0FE76C9D2721}.Release|Any CPU.Build.0 = Release|Any CPU
		{14123D0C-77C6-41FE-82F3-60788EFD561B}.Debug|Any CPU.ActiveCfg = Debug|Any CPU
		{14123D0C-77C6-41FE-82F3-60788EFD561B}.Debug|Any CPU.Build.0 = Debug|Any CPU
		{14123D0C-77C6-41FE-82F3-60788EFD561B}.Release|Any CPU.ActiveCfg = Release|Any CPU
		{14123D0C-77C6-41FE-82F3-60788EFD561B}.Release|Any CPU.Build.0 = Release|Any CPU
		{832E7D8F-F1C0-41D0-A0C5-298A12DBE0AB}.Debug|Any CPU.ActiveCfg = Debug|Any CPU
		{832E7D8F-F1C0-41D0-A0C5-298A12DBE0AB}.Debug|Any CPU.Build.0 = Debug|Any CPU
		{832E7D8F-F1C0-41D0-A0C5-298A12DBE0AB}.Release|Any CPU.ActiveCfg = Release|Any CPU
		{832E7D8F-F1C0-41D0-A0C5-298A12DBE0AB}.Release|Any CPU.Build.0 = Release|Any CPU
	EndGlobalSection
	GlobalSection(SolutionProperties) = preSolution
		HideSolutionNode = FALSE
	EndGlobalSection
EndGlobal
